
Microsoft Visual Studio Solution File, Format Version 12.00
# Visual Studio Version 16
VisualStudioVersion = 16.0.31129.286
MinimumVisualStudioVersion = 10.0.40219.1
Project("{FAE04EC0-301F-11D3-BF4B-00C04F79EFBC}") = "MeetingApp", "MeetingApp\MeetingApp.csproj", "{4AA84789-1C72-4ACA-BE51-B91D54F04595}"
EndProject
Global
	GlobalSection(SolutionConfigurationPlatforms) = preSolution
		Debug|Any CPU = Debug|Any CPU
		Release|Any CPU = Release|Any CPU
	EndGlobalSection
	GlobalSection(ProjectConfigurationPlatforms) = postSolution
		{4AA84789-1C72-4ACA-BE51-B91D54F04595}.Debug|Any CPU.ActiveCfg = Debug|Any CPU
		{4AA84789-1C72-4ACA-BE51-B91D54F04595}.Debug|Any CPU.Build.0 = Debug|Any CPU
		{4AA84789-1C72-4ACA-BE51-B91D54F04595}.Release|Any CPU.ActiveCfg = Release|Any CPU
		{4AA84789-1C72-4ACA-BE51-B91D54F04595}.Release|Any CPU.Build.0 = Release|Any CPU
	EndGlobalSection
	GlobalSection(SolutionProperties) = preSolution
		HideSolutionNode = FALSE
	EndGlobalSection
	GlobalSection(ExtensibilityGlobals) = postSolution
		SolutionGuid = {E07E8FF8-F50A-4CF1-ACE9-EC5EB32005DE}
	EndGlobalSection
EndGlobal
